
Microsoft Visual Studio Solution File, Format Version 12.00
# Visual Studio Version 17
VisualStudioVersion = 17.7.34024.191
MinimumVisualStudioVersion = 10.0.40219.1
Project("{FAE04EC0-301F-11D3-BF4B-00C04F79EFBC}") = "AgriTag", "AgriTag\AgriTag.csproj", "{B45C1669-C617-49E3-94D0-94D5BDBE4604}"
EndProject
Global
	GlobalSection(SolutionConfigurationPlatforms) = preSolution
		Debug|Any CPU = Debug|Any CPU
		Release|Any CPU = Release|Any CPU
	EndGlobalSection
	GlobalSection(ProjectConfigurationPlatforms) = postSolution
		{B45C1669-C617-49E3-94D0-94D5BDBE4604}.Debug|Any CPU.ActiveCfg = Debug|Any CPU
		{B45C1669-C617-49E3-94D0-94D5BDBE4604}.Debug|Any CPU.Build.0 = Debug|Any CPU
		{B45C1669-C617-49E3-94D0-94D5BDBE4604}.Release|Any CPU.ActiveCfg = Release|Any CPU
		{B45C1669-C617-49E3-94D0-94D5BDBE4604}.Release|Any CPU.Build.0 = Release|Any CPU
	EndGlobalSection
	GlobalSection(SolutionProperties) = preSolution
		HideSolutionNode = FALSE
	EndGlobalSection
	GlobalSection(ExtensibilityGlobals) = postSolution
		SolutionGuid = {0702A9DA-01F9-4BD2-947D-7DB7F3131E19}
	EndGlobalSection
EndGlobal
